# Prisma Migrate lockfile v1

20200624234636-custom
20200624234818-add-camps
20200624235401-relashion
20200624235746-add-camps-to-addres
20200625012530-fix-addres-uf
20200625015857-user-table
20200625020814-fix-table
20200625233214-enterprise-and-addres-enterprise
20200625234646-add-unique-camps
20200626000037-fix-image-required-in-user